{
  "lockfileVersion": 1,
  "workspaces": {
    "": {
      "dependencies": {
        "zustand": "^5.0.7",
      },
    },
  },
  "packages": {
    "zustand": ["zustand@5.0.7", "", { "peerDependencies": { "@types/react": ">=18.0.0", "immer": ">=9.0.6", "react": ">=18.0.0", "use-sync-external-store": ">=1.2.0" }, "optionalPeers": ["@types/react", "immer", "react", "use-sync-external-store"] }, "sha512-Ot6uqHDW/O2VdYsKLLU8GQu8sCOM1LcoE8RwvLv9uuRT9s6SOHCKs0ZEOhxg+I1Ld+A1Q5lwx+UlKXXUoCZITg=="],
  }
}
